
Microsoft Visual Studio Solution File, Format Version 12.00
# Visual Studio 2013
VisualStudioVersion = 12.0.31101.0
MinimumVisualStudioVersion = 10.0.40219.1
Project("{FAE04EC0-301F-11D3-BF4B-00C04F79EFBC}") = "WinDemo", "WinDemo\WinDemo.csproj", "{A3AE4853-86BD-47A9-812C-2006647AABEC}"
EndProject
Project("{FAE04EC0-301F-11D3-BF4B-00C04F79EFBC}") = "AspDemo", "AspDemo\AspDemo.csproj", "{B3DD427A-D6AA-4158-A0A3-B15F4E8F89CB}"
EndProject
Project("{FAE04EC0-301F-11D3-BF4B-00C04F79EFBC}") = "DataLayer", "DataLayer\DataLayer.csproj", "{FA8B77A5-F5AE-4028-9BAD-A3D0E931532A}"
EndProject
Global
	GlobalSection(SolutionConfigurationPlatforms) = preSolution
		Debug|Any CPU = Debug|Any CPU
		Release|Any CPU = Release|Any CPU
	EndGlobalSection
	GlobalSection(ProjectConfigurationPlatforms) = postSolution
		{A3AE4853-86BD-47A9-812C-2006647AABEC}.Debug|Any CPU.ActiveCfg = Debug|Any CPU
		{A3AE4853-86BD-47A9-812C-2006647AABEC}.Debug|Any CPU.Build.0 = Debug|Any CPU
		{A3AE4853-86BD-47A9-812C-2006647AABEC}.Release|Any CPU.ActiveCfg = Release|Any CPU
		{A3AE4853-86BD-47A9-812C-2006647AABEC}.Release|Any CPU.Build.0 = Release|Any CPU
		{B3DD427A-D6AA-4158-A0A3-B15F4E8F89CB}.Debug|Any CPU.ActiveCfg = Debug|Any CPU
		{B3DD427A-D6AA-4158-A0A3-B15F4E8F89CB}.Debug|Any CPU.Build.0 = Debug|Any CPU
		{B3DD427A-D6AA-4158-A0A3-B15F4E8F89CB}.Release|Any CPU.ActiveCfg = Release|Any CPU
		{B3DD427A-D6AA-4158-A0A3-B15F4E8F89CB}.Release|Any CPU.Build.0 = Release|Any CPU
		{FA8B77A5-F5AE-4028-9BAD-A3D0E931532A}.Debug|Any CPU.ActiveCfg = Debug|Any CPU
		{FA8B77A5-F5AE-4028-9BAD-A3D0E931532A}.Debug|Any CPU.Build.0 = Debug|Any CPU
		{FA8B77A5-F5AE-4028-9BAD-A3D0E931532A}.Release|Any CPU.ActiveCfg = Release|Any CPU
		{FA8B77A5-F5AE-4028-9BAD-A3D0E931532A}.Release|Any CPU.Build.0 = Release|Any CPU
	EndGlobalSection
	GlobalSection(SolutionProperties) = preSolution
		HideSolutionNode = FALSE
	EndGlobalSection
EndGlobal
